github.com/LordMathis/hugo-theme-nightfall v0.7.1 h1:n8T4Eg/5ZJLXGWmRHHAZ9DrbIv0yXBATeNo/A3p8EoM=
github.com/LordMathis/hugo-theme-nightfall v0.7.1/go.mod h1:0tCPxAeg5+tWhv17517Q8Lti/TPh0KNyON/uferEU30=
github.com/hugomods/images v0.11.2 h1:d7u3c/ePboeOGx8OI5eUnilpA79YvD7KJjUgqVMR83Y=
github.com/hugomods/images v0.11.2/go.mod h1:U6Gwj16LKvk66rOMyGFrnF6f0aV8lT89lqOsckOAjYY=
